# THIS IS AN AUTOGENERATED FILE. DO NOT EDIT THIS FILE DIRECTLY.
# yarn lockfile v1


ajax-request@^1.2.0:
  version "1.2.3"
  resolved "https://registry.yarnpkg.com/ajax-request/-/ajax-request-1.2.3.tgz#99fcbec1d6d2792f85fa949535332bd14f5f3790"
  integrity sha1-mfy+wdbSeS+F+pSVNTMr0U9fN5A=
  dependencies:
    file-system "^2.1.1"
    utils-extend "^1.0.7"

argparse@^1.0.7:
  version "1.0.10"
  resolved "https://registry.yarnpkg.com/argparse/-/argparse-1.0.10.tgz#bcd6791ea5ae09725e17e5ad988134cd40b3d911"
  integrity sha512-o5Roy6tNG4SL/FOkCAN6RzjiakZS25RLYFrcMttJqbdd8BWrnA+fGz57iN5Pb06pvBGvl5gQ0B48dJlslXvoTg==
  dependencies:
    sprintf-js "~1.0.2"

base64-img@^1.0.4:
  version "1.0.4"
  resolved "https://registry.yarnpkg.com/base64-img/-/base64-img-1.0.4.tgz#3e22d55d6c74a24553d840d2b1bc12a7db078d35"
  integrity sha1-PiLVXWx0okVT2EDSsbwSp9sHjTU=
  dependencies:
    ajax-request "^1.2.0"
    file-system "^2.1.0"

convert-csv-to-json@0.0.14:
  version "0.0.14"
  resolved "https://registry.yarnpkg.com/convert-csv-to-json/-/convert-csv-to-json-0.0.14.tgz#0cf1296062b236f7abb24f343e0c27f2d5e65e0d"
  integrity sha512-ls+SZ1jfcAOmm93FRij1Bcywp6vVMqu2nk5iacDR2RyCjFIMypzgtmmC7HvJ45BvkPptnC987TpMBxMdlG3cbg==

debug@^2.2.0:
  version "2.6.9"
  resolved "https://registry.yarnpkg.com/debug/-/debug-2.6.9.tgz#5d128515df134ff327e90a4c93f4e077a536341f"
  integrity sha512-bC7ElrdJaJnPbAP+1EotYvqZsb3ecl5wi6Bfi6BJTUcNowp6cvspg0jXznRTKDjm/E7AdgFBVeAPVMNcKGsHMA==
  dependencies:
    ms "2.0.0"

esprima@^4.0.0:
  version "4.0.1"
  resolved "https://registry.yarnpkg.com/esprima/-/esprima-4.0.1.tgz#13b04cdb3e6c5d19df91ab6987a8695619b0aa71"
  integrity sha512-eGuFFw7Upda+g4p+QHvnW0RyTX/SVeJBDM/gCtMARO0cLuT2HcEKnTPvhjV6aGeqrCB/sbNop0Kszm0jsaWU4A==

file-match@^1.0.1:
  version "1.0.2"
  resolved "https://registry.yarnpkg.com/file-match/-/file-match-1.0.2.tgz#c9cad265d2c8adf3a81475b0df475859069faef7"
  integrity sha1-ycrSZdLIrfOoFHWw30dYWQafrvc=
  dependencies:
    utils-extend "^1.0.6"

file-system@^2.1.0, file-system@^2.1.1:
  version "2.2.2"
  resolved "https://registry.yarnpkg.com/file-system/-/file-system-2.2.2.tgz#7d65833e3a2347dcd956a813c677153ed3edd987"
  integrity sha1-fWWDPjojR9zZVqgTxncVPtPt2Yc=
  dependencies:
    file-match "^1.0.1"
    utils-extend "^1.0.4"

ini@^1.3.5:
  version "1.3.5"
  resolved "https://registry.yarnpkg.com/ini/-/ini-1.3.5.tgz#eee25f56db1c9ec6085e0c22778083f596abf927"
  integrity sha512-RZY5huIKCMRWDUqZlEi72f/lmXKMvuszcMBduliQ3nnWbx9X/ZBQO7DijMEYS9EhHBb2qacRUMtC7svLwe0lcw==

js-yaml@^3.12.2:
  version "3.13.0"
  resolved "https://registry.yarnpkg.com/js-yaml/-/js-yaml-3.13.0.tgz#38ee7178ac0eea2c97ff6d96fff4b18c7d8cf98e"
  integrity sha512-pZZoSxcCYco+DIKBTimr67J6Hy+EYGZDY/HCWC+iAEA9h1ByhMXAIVUXMcMFpOCxQ/xjXmPI2MkDL5HRm5eFrQ==
  dependencies:
    argparse "^1.0.7"
    esprima "^4.0.0"

ms@2.0.0:
  version "2.0.0"
  resolved "https://registry.yarnpkg.com/ms/-/ms-2.0.0.tgz#5608aeadfc00be6c2901df5f9861788de0d597c8"
  integrity sha1-VgiurfwAvmwpAd9fmGF4jeDVl8g=

packem@^0.1.0:
  version "0.1.0"
  resolved "https://registry.yarnpkg.com/packem/-/packem-0.1.0.tgz#2a0ce84d54018703c02271b2d57149434a749fbd"
  integrity sha512-BEvvyb1AAovDG4fFYR7kJTp4ud+L3p3y52pwJDjEGYWvv/dBmIiznL3ald+WLy7rrlol/gtLCiPq1outZFdYyg==

sprintf-js@~1.0.2:
  version "1.0.3"
  resolved "https://registry.yarnpkg.com/sprintf-js/-/sprintf-js-1.0.3.tgz#04e6926f662895354f3dd015203633b857297e2c"
  integrity sha1-BOaSb2YolTVPPdAVIDYzuFcpfiw=

toml@^3.0.0:
  version "3.0.0"
  resolved "https://registry.yarnpkg.com/toml/-/toml-3.0.0.tgz#342160f1af1904ec9d204d03a5d61222d762c5ee"
  integrity sha512-y/mWCZinnvxjTKYhJ+pYxwD0mRLVvOtdS2Awbgxln6iEnt4rk0yBxeSBHkGJcPucRiG0e55mwWp+g/05rsrd6w==

utils-extend@^1.0.4, utils-extend@^1.0.6, utils-extend@^1.0.7:
  version "1.0.8"
  resolved "https://registry.yarnpkg.com/utils-extend/-/utils-extend-1.0.8.tgz#ccfd7b64540f8e90ee21eec57769d0651cab8a5f"
  integrity sha1-zP17ZFQPjpDuIe7Fd2nQZRyril8=

xml-parser@^1.2.1:
  version "1.2.1"
  resolved "https://registry.yarnpkg.com/xml-parser/-/xml-parser-1.2.1.tgz#c31f4c34f2975db82ad013222120592736156fcd"
  integrity sha1-wx9MNPKXXbgq0BMiISBZJzYVb80=
  dependencies:
    debug "^2.2.0"
